{
  "name": "hybrid-framework-example",
  "version": "0.0.1",
  "lockfileVersion": 1,
  "requires": true,
  "dependencies": {
    "@angular/common": {
      "version": "6.0.3",
      "resolved": "https://registry.npmjs.org/@angular/common/-/common-6.0.3.tgz",
      "integrity": "sha512-tqEYeEXoaw2kzSUfTrmC3ruJ87trS61SHayIf56f/jtEVn+4pbgJDTNvLSnB6QEaMTn7sX6QBroauMWmdTVSvA==",
      "requires": {
        "tslib": "1.9.2"
      }
    },
    "@angular/compiler": {
      "version": "6.0.3",
      "resolved": "https://registry.npmjs.org/@angular/compiler/-/compiler-6.0.3.tgz",
      "integrity": "sha512-nS65UI6f7grs2k+ggtkwXSBUQ1D/LVSFfXjWR5olxATx25QbIKABec90JphPE4FfhhVm1uonQ/vaSVCjh83Euw==",
      "requires": {
        "tslib": "1.9.2"
      }
    },
    "@angular/core": {
      "version": "6.0.3",
      "resolved": "https://registry.npmjs.org/@angular/core/-/core-6.0.3.tgz",
      "integrity": "sha512-YJk0kS/V9C2JFKMHfiw6TNxmfkYWGW4HzqGOm/VoPkvj9O4Erkz/OtOOc8hYGmXFmQz1UpOAByzY2XIlEi72XQ==",
      "requires": {
        "tslib": "1.9.2"
      }
    },
    "@angular/platform-browser": {
      "version": "6.0.3",
      "resolved": "https://registry.npmjs.org/@angular/platform-browser/-/platform-browser-6.0.3.tgz",
      "integrity": "sha512-OTgOE6WzytV9fnnCwvoyyXI4Avzmfu9RbBUhVRVontov6LlN9XL8BrzLidT7/lPAEQmHuoRCuNrSSY8TokPJCA==",
      "requires": {
        "tslib": "1.9.2"
      }
    },
    "@angular/platform-browser-dynamic": {
      "version": "6.0.3",
      "resolved": "https://registry.npmjs.org/@angular/platform-browser-dynamic/-/platform-browser-dynamic-6.0.3.tgz",
      "integrity": "sha512-OSaBiog3jH52c+pJhG6qsZjVipzw3ThTcFaymetlBwdRkZ9ch7eIQFhlIXPe4oM3wJt39LTG7peRymWPbnx4uw==",
      "requires": {
        "tslib": "1.9.2"
      }
    },
    "@angular/router": {
      "version": "6.0.3",
      "resolved": "https://registry.npmjs.org/@angular/router/-/router-6.0.3.tgz",
      "integrity": "sha512-7pQYu5DnNXwZ8nZrKtTpBo3HQoirKSP2hGAoHA0rPsqZvavBfuhUzsksYVvKvFEtoPmBe69uEYydhr115MTTNQ==",
      "requires": {
        "tslib": "1.9.2"
      }
    },
    "@angular/upgrade": {
      "version": "6.0.3",
      "resolved": "https://registry.npmjs.org/@angular/upgrade/-/upgrade-6.0.3.tgz",
      "integrity": "sha512-3E/+UG8wTIPna8atyJh6EHqf9OOgIT84DQGeKW20DiZjrkk3zJkJdW1a+TiGaawhQwkc7hFqmk2STFo0yA1CZA==",
      "requires": {
        "tslib": "1.9.2"
      }
    },
    "@uirouter/angular": {
      "version": "2.0.0",
      "resolved": "https://registry.npmjs.org/@uirouter/angular/-/angular-2.0.0.tgz",
      "integrity": "sha512-zoaMEIeztRVOZ7EUX03FvV2C2RWGox4jcVHO5bXmKESmh0aBGVMyQoJ2GMPtfHjBGsCu1AXX5X69PdNEeLLfLw==",
      "requires": {
        "@uirouter/core": "5.0.19",
        "@uirouter/rx": "0.5.0"
      }
    },
    "@uirouter/angular-hybrid": {
      "version": "6.0.0",
      "resolved": "https://registry.npmjs.org/@uirouter/angular-hybrid/-/angular-hybrid-6.0.0.tgz",
      "integrity": "sha512-fBPMHHYmwgddr1WxovMUi0XBVhb+pqJM5cTdZ0WcTJBaEHLBYmQixDskd5hJ34vzx1RUaMx/qzYbr86n5vekQA==",
      "requires": {
        "@uirouter/angular": "2.0.0",
        "@uirouter/angularjs": "1.0.17",
        "@uirouter/core": "5.0.19"
      },
      "dependencies": {
        "@uirouter/angularjs": {
          "version": "1.0.17",
          "resolved": "https://registry.npmjs.org/@uirouter/angularjs/-/angularjs-1.0.17.tgz",
          "integrity": "sha512-nXEgBN6MoE+wGBO9EQjBhZBAsmVu+nfPEFLG50pfzimAVHxkyN3A593/ORmsZPQebub8xvCYbkfeUw0yMwVzvA==",
          "requires": {
            "@uirouter/core": "5.0.19"
          }
        }
      }
    },
    "@uirouter/angularjs": {
      "version": "1.0.18",
      "resolved": "https://registry.npmjs.org/@uirouter/angularjs/-/angularjs-1.0.18.tgz",
      "integrity": "sha512-tswhwMMBDnbGOZnnCVpnA0pbd7dXkBck1HO0WY7fw8GO3dKbWAAc/rL0479dLypR89UDDGym5leTvZCLW4cJnA==",
      "requires": {
        "@uirouter/core": "5.0.19"
      }
    },
    "@uirouter/core": {
      "version": "5.0.19",
      "resolved": "https://registry.npmjs.org/@uirouter/core/-/core-5.0.19.tgz",
      "integrity": "sha512-wow+CKRThUAQkiTLNQCBsKQIU3NbH8GGH/w/TrcjKdvkZQA2jQB9QSqmmZxj7XNoZXY7QVcSSc4DWmxuSeAWmQ=="
    },
    "@uirouter/react": {
      "version": "0.8.2",
      "resolved": "https://registry.npmjs.org/@uirouter/react/-/react-0.8.2.tgz",
      "integrity": "sha512-kkeUPdysSKZ4E9KjCNL6SBb9UYrjt2un35rbscpWilWSdcAzxxjOmyXuyVS5AABUd3bW4DidaGZxfqT0LgjhWA==",
      "requires": {
        "@uirouter/core": "5.0.19",
        "classnames": "2.2.5",
        "prop-types": "15.6.1"
      }
    },
    "@uirouter/react-hybrid": {
      "version": "0.3.0",
      "resolved": "https://registry.npmjs.org/@uirouter/react-hybrid/-/react-hybrid-0.3.0.tgz",
      "integrity": "sha512-LoaNf9+VRkDngcypOJ1p5PGON0zY4GuIIV/bipfAm1yQTOIAr9DqcRRdp4cHAkLnUODX65FlIvL9w8qjZFHmLQ==",
      "requires": {
        "@uirouter/angularjs": "1.0.18",
        "@uirouter/core": "5.0.19",
        "@uirouter/react": "0.8.2"
      }
    },
    "@uirouter/rx": {
      "version": "0.5.0",
      "resolved": "https://registry.npmjs.org/@uirouter/rx/-/rx-0.5.0.tgz",
      "integrity": "sha512-SHX1b8u8MW/7L6vFrKSRc5g5u/RgLakGMfdTeVQMSC84fc2yW7VDWNuGJhA8jiOTNKvzscuwvC02dxOgKcwrjg=="
    },
    "angular": {
      "version": "1.7.0",
      "resolved": "https://registry.npmjs.org/angular/-/angular-1.7.0.tgz",
      "integrity": "sha512-3LboCLjrOuC7dWh953O0+dI3dJ7PexYRSCIrfqoN5qoHyja/wak3eWoxPKb2Sl2qwiPbrUV5KJXwgpUQ48McBQ=="
    },
    "asap": {
      "version": "2.0.6",
      "resolved": "https://registry.npmjs.org/asap/-/asap-2.0.6.tgz",
      "integrity": "sha1-5QNHYR1+aQlDIIu9r+vLwvuGbUY="
    },
    "classnames": {
      "version": "2.2.5",
      "resolved": "https://registry.npmjs.org/classnames/-/classnames-2.2.5.tgz",
      "integrity": "sha1-+zgB1FNGdknvNgPH1hoCvRKb3m0="
    },
    "core-js": {
      "version": "1.2.7",
      "resolved": "https://registry.npmjs.org/core-js/-/core-js-1.2.7.tgz",
      "integrity": "sha1-ZSKUwUZR2yj6k70tX/KYOk8IxjY="
    },
    "encoding": {
      "version": "0.1.12",
      "resolved": "https://registry.npmjs.org/encoding/-/encoding-0.1.12.tgz",
      "integrity": "sha1-U4tm8+5izRq1HsMjgp0flIDHS+s=",
      "requires": {
        "iconv-lite": "0.4.23"
      }
    },
    "fbjs": {
      "version": "0.8.16",
      "resolved": "https://registry.npmjs.org/fbjs/-/fbjs-0.8.16.tgz",
      "integrity": "sha1-XmdDL1UNxBtXK/VYR7ispk5TN9s=",
      "requires": {
        "core-js": "1.2.7",
        "isomorphic-fetch": "2.2.1",
        "loose-envify": "1.3.1",
        "object-assign": "4.1.1",
        "promise": "7.3.1",
        "setimmediate": "1.0.5",
        "ua-parser-js": "0.7.18"
      }
    },
    "iconv-lite": {
      "version": "0.4.23",
      "resolved": "https://registry.npmjs.org/iconv-lite/-/iconv-lite-0.4.23.tgz",
      "integrity": "sha512-neyTUVFtahjf0mB3dZT77u+8O0QB89jFdnBkd5P1JgYPbPaia3gXXOVL2fq8VyU2gMMD7SaN7QukTB/pmXYvDA==",
      "requires": {
        "safer-buffer": "2.1.2"
      }
    },
    "is-stream": {
      "version": "1.1.0",
      "resolved": "https://registry.npmjs.org/is-stream/-/is-stream-1.1.0.tgz",
      "integrity": "sha1-EtSj3U5o4Lec6428hBc66A2RykQ="
    },
    "isomorphic-fetch": {
      "version": "2.2.1",
      "resolved": "https://registry.npmjs.org/isomorphic-fetch/-/isomorphic-fetch-2.2.1.tgz",
      "integrity": "sha1-YRrhrPFPXoH3KVB0coGf6XM1WKk=",
      "requires": {
        "node-fetch": "1.7.3",
        "whatwg-fetch": "2.0.4"
      }
    },
    "js-tokens": {
      "version": "3.0.2",
      "resolved": "https://registry.npmjs.org/js-tokens/-/js-tokens-3.0.2.tgz",
      "integrity": "sha1-mGbfOVECEw449/mWvOtlRDIJwls="
    },
    "loose-envify": {
      "version": "1.3.1",
      "resolved": "https://registry.npmjs.org/loose-envify/-/loose-envify-1.3.1.tgz",
      "integrity": "sha1-0aitM/qc4OcT1l/dCsi3SNR4yEg=",
      "requires": {
        "js-tokens": "3.0.2"
      }
    },
    "node-fetch": {
      "version": "1.7.3",
      "resolved": "https://registry.npmjs.org/node-fetch/-/node-fetch-1.7.3.tgz",
      "integrity": "sha512-NhZ4CsKx7cYm2vSrBAr2PvFOe6sWDf0UYLRqA6svUYg7+/TSfVAu49jYC4BvQ4Sms9SZgdqGBgroqfDhJdTyKQ==",
      "requires": {
        "encoding": "0.1.12",
        "is-stream": "1.1.0"
      }
    },
    "object-assign": {
      "version": "4.1.1",
      "resolved": "https://registry.npmjs.org/object-assign/-/object-assign-4.1.1.tgz",
      "integrity": "sha1-IQmtx5ZYh8/AXLvUQsrIv7s2CGM="
    },
    "promise": {
      "version": "7.3.1",
      "resolved": "https://registry.npmjs.org/promise/-/promise-7.3.1.tgz",
      "integrity": "sha512-nolQXZ/4L+bP/UGlkfaIujX9BKxGwmQ9OT4mOt5yvy8iK1h3wqTEJCijzGANTCCl9nWjY41juyAn2K3Q1hLLTg==",
      "requires": {
        "asap": "2.0.6"
      }
    },
    "prop-types": {
      "version": "15.6.1",
      "resolved": "https://registry.npmjs.org/prop-types/-/prop-types-15.6.1.tgz",
      "integrity": "sha512-4ec7bY1Y66LymSUOH/zARVYObB23AT2h8cf6e/O6ZALB/N0sqZFEx7rq6EYPX2MkOdKORuooI/H5k9TlR4q7kQ==",
      "requires": {
        "fbjs": "0.8.16",
        "loose-envify": "1.3.1",
        "object-assign": "4.1.1"
      }
    },
    "react": {
      "version": "16.4.0",
      "resolved": "https://registry.npmjs.org/react/-/react-16.4.0.tgz",
      "integrity": "sha512-K0UrkLXSAekf5nJu89obKUM7o2vc6MMN9LYoKnCa+c+8MJRAT120xzPLENcWSRc7GYKIg0LlgJRDorrufdglQQ==",
      "requires": {
        "fbjs": "0.8.16",
        "loose-envify": "1.3.1",
        "object-assign": "4.1.1",
        "prop-types": "15.6.1"
      }
    },
    "react-dom": {
      "version": "16.4.0",
      "resolved": "https://registry.npmjs.org/react-dom/-/react-dom-16.4.0.tgz",
      "integrity": "sha512-bbLd+HYpBEnYoNyxDe9XpSG2t9wypMohwQPvKw8Hov3nF7SJiJIgK56b46zHpBUpHb06a1iEuw7G3rbrsnNL6w==",
      "requires": {
        "fbjs": "0.8.16",
        "loose-envify": "1.3.1",
        "object-assign": "4.1.1",
        "prop-types": "15.6.1"
      }
    },
    "rxjs": {
      "version": "6.2.0",
      "resolved": "https://registry.npmjs.org/rxjs/-/rxjs-6.2.0.tgz",
      "integrity": "sha512-qBzf5uu6eOKiCZuAE0SgZ0/Qp+l54oeVxFfC2t+mJ2SFI6IB8gmMdJHs5DUMu5kqifqcCtsKS2XHjhZu6RKvAw==",
      "requires": {
        "tslib": "1.9.2"
      }
    },
    "safer-buffer": {
      "version": "2.1.2",
      "resolved": "https://registry.npmjs.org/safer-buffer/-/safer-buffer-2.1.2.tgz",
      "integrity": "sha512-YZo3K82SD7Riyi0E1EQPojLz7kpepnSQI9IyPbHHg1XXXevb5dJI7tpyN2ADxGcQbHG7vcyRHk0cbwqcQriUtg=="
    },
    "setimmediate": {
      "version": "1.0.5",
      "resolved": "https://registry.npmjs.org/setimmediate/-/setimmediate-1.0.5.tgz",
      "integrity": "sha1-KQy7Iy4waULX1+qbg3Mqt4VvgoU="
    },
    "tslib": {
      "version": "1.9.2",
      "resolved": "https://registry.npmjs.org/tslib/-/tslib-1.9.2.tgz",
      "integrity": "sha512-AVP5Xol3WivEr7hnssHDsaM+lVrVXWUvd1cfXTRkTj80b//6g2wIFEH6hZG0muGZRnHGrfttpdzRk3YlBkWjKw=="
    },
    "ua-parser-js": {
      "version": "0.7.18",
      "resolved": "https://registry.npmjs.org/ua-parser-js/-/ua-parser-js-0.7.18.tgz",
      "integrity": "sha512-LtzwHlVHwFGTptfNSgezHp7WUlwiqb0gA9AALRbKaERfxwJoiX0A73QbTToxteIAuIaFshhgIZfqK8s7clqgnA=="
    },
    "whatwg-fetch": {
      "version": "2.0.4",
      "resolved": "https://registry.npmjs.org/whatwg-fetch/-/whatwg-fetch-2.0.4.tgz",
      "integrity": "sha512-dcQ1GWpOD/eEQ97k66aiEVpNnapVj90/+R+SXTPYGHpYBBypfKJEQjLrvMZ7YXbKm21gXd4NcuxUTjiv1YtLng=="
    },
    "zone.js": {
      "version": "0.8.26",
      "resolved": "https://registry.npmjs.org/zone.js/-/zone.js-0.8.26.tgz",
      "integrity": "sha512-W9Nj+UmBJG251wkCacIkETgra4QgBo/vgoEkb4a2uoLzpQG7qF9nzwoLXWU5xj3Fg2mxGvEDh47mg24vXccYjA=="
    }
  }
}
